# THIS IS AN AUTOGENERATED FILE. DO NOT EDIT THIS FILE DIRECTLY.
# yarn lockfile v1


"@popperjs/core@^2.11.6":
  version "2.11.6"
  resolved "https://registry.yarnpkg.com/@popperjs/core/-/core-2.11.6.tgz#cee20bd55e68a1720bdab363ecf0c821ded4cd45"
  integrity sha512-50/17A98tWUfQ176raKiOGXuYpLyyVMkxxG6oylzL3BPOlA6ADGdK7EYunSa4I064xerltq9TGXs8HmOk5E+vw==

bootstrap@^5.2.0:
  version "5.2.0"
  resolved "https://registry.yarnpkg.com/bootstrap/-/bootstrap-5.2.0.tgz#838727fb60f1630db370fe57c63cbcf2962bb3d3"
  integrity sha512-qlnS9GL6YZE6Wnef46GxGv1UpGGzAwO0aPL1yOjzDIJpeApeMvqV24iL+pjr2kU4dduoBA9fINKWKgMToobx9A==

bootswatch@^5.2.0:
  version "5.2.0"
  resolved "https://registry.yarnpkg.com/bootswatch/-/bootswatch-5.2.0.tgz#c02a0d84e0382552f8a7b9bdd055f36b758ffed9"
  integrity sha512-v9krdPdybb5hUwVwlv3f7/FhOa5cXbCb5U5CI4gdnalcxR3ekclXE6kPZWL5O8V8qwNI9BB73apASO1MLmRpIA==

jquery@^3.6.0:
  version "3.6.0"
  resolved "https://registry.yarnpkg.com/jquery/-/jquery-3.6.0.tgz#c72a09f15c1bdce142f49dbf1170bdf8adac2470"
  integrity sha512-JVzAR/AjBvVt2BmYhxRCSYysDsPcssdmTFnzyLEts9qNwmjmu4JTAMYubEfwVOSwpQ1I1sKKFcxhZCI2buerfw==
